
Microsoft Visual Studio Solution File, Format Version 12.00
# Visual Studio Version 17
VisualStudioVersion = 17.7.34221.43
MinimumVisualStudioVersion = 10.0.40219.1
Project("{FAE04EC0-301F-11D3-BF4B-00C04F79EFBC}") = "EasyCRM", "EasyCRM\EasyCRM.csproj", "{10B595C2-EE40-4D0B-9EA8-FE516DE90075}"
EndProject
Global
	GlobalSection(SolutionConfigurationPlatforms) = preSolution
		Debug|Any CPU = Debug|Any CPU
		Release|Any CPU = Release|Any CPU
	EndGlobalSection
	GlobalSection(ProjectConfigurationPlatforms) = postSolution
		{10B595C2-EE40-4D0B-9EA8-FE516DE90075}.Debug|Any CPU.ActiveCfg = Debug|Any CPU
		{10B595C2-EE40-4D0B-9EA8-FE516DE90075}.Debug|Any CPU.Build.0 = Debug|Any CPU
		{10B595C2-EE40-4D0B-9EA8-FE516DE90075}.Release|Any CPU.ActiveCfg = Release|Any CPU
		{10B595C2-EE40-4D0B-9EA8-FE516DE90075}.Release|Any CPU.Build.0 = Release|Any CPU
	EndGlobalSection
	GlobalSection(SolutionProperties) = preSolution
		HideSolutionNode = FALSE
	EndGlobalSection
	GlobalSection(ExtensibilityGlobals) = postSolution
		SolutionGuid = {D91947BC-3A66-40A4-B948-9026B35C5CB8}
	EndGlobalSection
EndGlobal
